
Microsoft Visual Studio Solution File, Format Version 12.00
# Visual Studio Version 17
VisualStudioVersion = 17.5.002.0
MinimumVisualStudioVersion = 10.0.40219.1
Project("{9A19103F-16F7-4668-BE54-9A1E7A4F7556}") = "Docker  Test App", "Docker  Test App.csproj", "{31005497-5F65-440D-AA6B-23C56C9D765C}"
EndProject
Global
	GlobalSection(SolutionConfigurationPlatforms) = preSolution
		Debug|Any CPU = Debug|Any CPU
		Release|Any CPU = Release|Any CPU
	EndGlobalSection
	GlobalSection(ProjectConfigurationPlatforms) = postSolution
		{31005497-5F65-440D-AA6B-23C56C9D765C}.Debug|Any CPU.ActiveCfg = Debug|Any CPU
		{31005497-5F65-440D-AA6B-23C56C9D765C}.Debug|Any CPU.Build.0 = Debug|Any CPU
		{31005497-5F65-440D-AA6B-23C56C9D765C}.Release|Any CPU.ActiveCfg = Release|Any CPU
		{31005497-5F65-440D-AA6B-23C56C9D765C}.Release|Any CPU.Build.0 = Release|Any CPU
	EndGlobalSection
	GlobalSection(SolutionProperties) = preSolution
		HideSolutionNode = FALSE
	EndGlobalSection
	GlobalSection(ExtensibilityGlobals) = postSolution
		SolutionGuid = {1EB27800-7A61-4B35-83BC-546ABDBF108A}
	EndGlobalSection
EndGlobal
